
Microsoft Visual Studio Solution File, Format Version 12.00
# Visual Studio Version 17
VisualStudioVersion = 17.10.34928.147
MinimumVisualStudioVersion = 10.0.40219.1
Project("{2150E333-8FDC-42A3-9474-1A3956D46DE8}") = "002_Files", "002_Files", "{9CC5575B-2613-4C57-B536-81C22F59935C}"
EndProject
Project("{9A19103F-16F7-4668-BE54-9A1E7A4F7556}") = "Task_01", "002_Files\Task_01\Task_01.csproj", "{8BB68641-F7C5-4D5F-8039-1DE35EE49B28}"
EndProject
Project("{9A19103F-16F7-4668-BE54-9A1E7A4F7556}") = "Task_02", "001_Delegates\Task_02\Task_02.csproj", "{D4869DF6-31F2-4F94-B1EB-605828B1D629}"
EndProject
Project("{9A19103F-16F7-4668-BE54-9A1E7A4F7556}") = "Task_01", "001_Delegates\Task_01\Task_01.csproj", "{571EF34A-4438-45C8-A998-EE3833F75187}"
EndProject
Project("{9A19103F-16F7-4668-BE54-9A1E7A4F7556}") = "Task_03", "001_Delegates\Task_03\Task_03.csproj", "{06AE1736-6482-4C78-A788-69AA8F10B345}"
EndProject
Project("{9A19103F-16F7-4668-BE54-9A1E7A4F7556}") = "Task_04", "001_Delegates\Task_04\Task_04.csproj", "{81E13F6F-CE57-4A7D-B728-F30D5D0AAD72}"
EndProject
Project("{9A19103F-16F7-4668-BE54-9A1E7A4F7556}") = "Task_05", "001_Delegates\Task_05\Task_05.csproj", "{9A1DEAE1-1391-4A9E-82F1-4C540685258B}"
EndProject
Project("{9A19103F-16F7-4668-BE54-9A1E7A4F7556}") = "Task_06", "001_Delegates\Task_06\Task_06.csproj", "{D252FEBE-1A97-4D60-937E-BD46D47956EC}"
EndProject
Project("{9A19103F-16F7-4668-BE54-9A1E7A4F7556}") = "Task_08", "001_Delegates\Task_08\Task_08.csproj", "{AF74D8C4-A5E4-4D80-8DAE-4B35DDC71F02}"
EndProject
Project("{9A19103F-16F7-4668-BE54-9A1E7A4F7556}") = "Task_07", "001_Delegates\Task_07\Task_07.csproj", "{95C40E85-7484-4135-9BD5-D102022AF01F}"
EndProject
Project("{2150E333-8FDC-42A3-9474-1A3956D46DE8}") = "001_Delegates", "001_Delegates", "{545C9311-8454-490B-9CE1-2BE103957208}"
EndProject
Global
	GlobalSection(SolutionConfigurationPlatforms) = preSolution
		Debug|Any CPU = Debug|Any CPU
		Release|Any CPU = Release|Any CPU
	EndGlobalSection
	GlobalSection(ProjectConfigurationPlatforms) = postSolution
		{8BB68641-F7C5-4D5F-8039-1DE35EE49B28}.Debug|Any CPU.ActiveCfg = Debug|Any CPU
		{8BB68641-F7C5-4D5F-8039-1DE35EE49B28}.Debug|Any CPU.Build.0 = Debug|Any CPU
		{8BB68641-F7C5-4D5F-8039-1DE35EE49B28}.Release|Any CPU.ActiveCfg = Release|Any CPU
		{8BB68641-F7C5-4D5F-8039-1DE35EE49B28}.Release|Any CPU.Build.0 = Release|Any CPU
		{D4869DF6-31F2-4F94-B1EB-605828B1D629}.Debug|Any CPU.ActiveCfg = Debug|Any CPU
		{D4869DF6-31F2-4F94-B1EB-605828B1D629}.Debug|Any CPU.Build.0 = Debug|Any CPU
		{D4869DF6-31F2-4F94-B1EB-605828B1D629}.Release|Any CPU.ActiveCfg = Release|Any CPU
		{D4869DF6-31F2-4F94-B1EB-605828B1D629}.Release|Any CPU.Build.0 = Release|Any CPU
		{571EF34A-4438-45C8-A998-EE3833F75187}.Debug|Any CPU.ActiveCfg = Debug|Any CPU
		{571EF34A-4438-45C8-A998-EE3833F75187}.Debug|Any CPU.Build.0 = Debug|Any CPU
		{571EF34A-4438-45C8-A998-EE3833F75187}.Release|Any CPU.ActiveCfg = Release|Any CPU
		{571EF34A-4438-45C8-A998-EE3833F75187}.Release|Any CPU.Build.0 = Release|Any CPU
		{06AE1736-6482-4C78-A788-69AA8F10B345}.Debug|Any CPU.ActiveCfg = Debug|Any CPU
		{06AE1736-6482-4C78-A788-69AA8F10B345}.Debug|Any CPU.Build.0 = Debug|Any CPU
		{06AE1736-6482-4C78-A788-69AA8F10B345}.Release|Any CPU.ActiveCfg = Release|Any CPU
		{06AE1736-6482-4C78-A788-69AA8F10B345}.Release|Any CPU.Build.0 = Release|Any CPU
		{81E13F6F-CE57-4A7D-B728-F30D5D0AAD72}.Debug|Any CPU.ActiveCfg = Debug|Any CPU
		{81E13F6F-CE57-4A7D-B728-F30D5D0AAD72}.Debug|Any CPU.Build.0 = Debug|Any CPU
		{81E13F6F-CE57-4A7D-B728-F30D5D0AAD72}.Release|Any CPU.ActiveCfg = Release|Any CPU
		{81E13F6F-CE57-4A7D-B728-F30D5D0AAD72}.Release|Any CPU.Build.0 = Release|Any CPU
		{9A1DEAE1-1391-4A9E-82F1-4C540685258B}.Debug|Any CPU.ActiveCfg = Debug|Any CPU
		{9A1DEAE1-1391-4A9E-82F1-4C540685258B}.Debug|Any CPU.Build.0 = Debug|Any CPU
		{9A1DEAE1-1391-4A9E-82F1-4C540685258B}.Release|Any CPU.ActiveCfg = Release|Any CPU
		{9A1DEAE1-1391-4A9E-82F1-4C540685258B}.Release|Any CPU.Build.0 = Release|Any CPU
		{D252FEBE-1A97-4D60-937E-BD46D47956EC}.Debug|Any CPU.ActiveCfg = Debug|Any CPU
		{D252FEBE-1A97-4D60-937E-BD46D47956EC}.Debug|Any CPU.Build.0 = Debug|Any CPU
		{D252FEBE-1A97-4D60-937E-BD46D47956EC}.Release|Any CPU.ActiveCfg = Release|Any CPU
		{D252FEBE-1A97-4D60-937E-BD46D47956EC}.Release|Any CPU.Build.0 = Release|Any CPU
		{AF74D8C4-A5E4-4D80-8DAE-4B35DDC71F02}.Debug|Any CPU.ActiveCfg = Debug|Any CPU
		{AF74D8C4-A5E4-4D80-8DAE-4B35DDC71F02}.Debug|Any CPU.Build.0 = Debug|Any CPU
		{AF74D8C4-A5E4-4D80-8DAE-4B35DDC71F02}.Release|Any CPU.ActiveCfg = Release|Any CPU
		{AF74D8C4-A5E4-4D80-8DAE-4B35DDC71F02}.Release|Any CPU.Build.0 = Release|Any CPU
		{95C40E85-7484-4135-9BD5-D102022AF01F}.Debug|Any CPU.ActiveCfg = Debug|Any CPU
		{95C40E85-7484-4135-9BD5-D102022AF01F}.Debug|Any CPU.Build.0 = Debug|Any CPU
		{95C40E85-7484-4135-9BD5-D102022AF01F}.Release|Any CPU.ActiveCfg = Release|Any CPU
		{95C40E85-7484-4135-9BD5-D102022AF01F}.Release|Any CPU.Build.0 = Release|Any CPU
	EndGlobalSection
	GlobalSection(SolutionProperties) = preSolution
		HideSolutionNode = FALSE
	EndGlobalSection
	GlobalSection(NestedProjects) = preSolution
		{8BB68641-F7C5-4D5F-8039-1DE35EE49B28} = {9CC5575B-2613-4C57-B536-81C22F59935C}
		{D4869DF6-31F2-4F94-B1EB-605828B1D629} = {545C9311-8454-490B-9CE1-2BE103957208}
		{571EF34A-4438-45C8-A998-EE3833F75187} = {545C9311-8454-490B-9CE1-2BE103957208}
		{06AE1736-6482-4C78-A788-69AA8F10B345} = {545C9311-8454-490B-9CE1-2BE103957208}
		{81E13F6F-CE57-4A7D-B728-F30D5D0AAD72} = {545C9311-8454-490B-9CE1-2BE103957208}
		{9A1DEAE1-1391-4A9E-82F1-4C540685258B} = {545C9311-8454-490B-9CE1-2BE103957208}
		{D252FEBE-1A97-4D60-937E-BD46D47956EC} = {545C9311-8454-490B-9CE1-2BE103957208}
		{AF74D8C4-A5E4-4D80-8DAE-4B35DDC71F02} = {545C9311-8454-490B-9CE1-2BE103957208}
		{95C40E85-7484-4135-9BD5-D102022AF01F} = {545C9311-8454-490B-9CE1-2BE103957208}
	EndGlobalSection
	GlobalSection(ExtensibilityGlobals) = postSolution
		SolutionGuid = {C26FC1B9-CF87-4680-8771-0969969BD378}
	EndGlobalSection
EndGlobal
